
Microsoft Visual Studio Solution File, Format Version 12.00
# Visual Studio Version 17
VisualStudioVersion = 17.14.36717.8 d17.14
MinimumVisualStudioVersion = 10.0.40219.1
Project("{FAE04EC0-301F-11D3-BF4B-00C04F79EFBC}") = "hello_world", "hello_world\hello_world.csproj", "{91735184-0DFB-4791-B8BA-CDE14D7E36D7}"
EndProject
Global
	GlobalSection(SolutionConfigurationPlatforms) = preSolution
		Debug|Any CPU = Debug|Any CPU
		Release|Any CPU = Release|Any CPU
	EndGlobalSection
	GlobalSection(ProjectConfigurationPlatforms) = postSolution
		{91735184-0DFB-4791-B8BA-CDE14D7E36D7}.Debug|Any CPU.ActiveCfg = Debug|Any CPU
		{91735184-0DFB-4791-B8BA-CDE14D7E36D7}.Debug|Any CPU.Build.0 = Debug|Any CPU
		{91735184-0DFB-4791-B8BA-CDE14D7E36D7}.Release|Any CPU.ActiveCfg = Release|Any CPU
		{91735184-0DFB-4791-B8BA-CDE14D7E36D7}.Release|Any CPU.Build.0 = Release|Any CPU
	EndGlobalSection
	GlobalSection(SolutionProperties) = preSolution
		HideSolutionNode = FALSE
	EndGlobalSection
	GlobalSection(ExtensibilityGlobals) = postSolution
		SolutionGuid = {91667F97-8869-47E7-BEA8-57299A46C046}
	EndGlobalSection
EndGlobal
