
Microsoft Visual Studio Solution File, Format Version 12.00
# Visual Studio Version 17
VisualStudioVersion = 17.14.37628.2 d17.14
MinimumVisualStudioVersion = 10.0.40219.1
Project("{FAE04EC0-301F-11D3-BF4B-00C04F79EFBC}") = "soubor_max_cislo", "soubor_max_cislo\soubor_max_cislo.csproj", "{BFCB86C3-52AA-49D6-AABD-DC425B2ABEF2}"
EndProject
Global
	GlobalSection(SolutionConfigurationPlatforms) = preSolution
		Debug|Any CPU = Debug|Any CPU
		Release|Any CPU = Release|Any CPU
	EndGlobalSection
	GlobalSection(ProjectConfigurationPlatforms) = postSolution
		{BFCB86C3-52AA-49D6-AABD-DC425B2ABEF2}.Debug|Any CPU.ActiveCfg = Debug|Any CPU
		{BFCB86C3-52AA-49D6-AABD-DC425B2ABEF2}.Debug|Any CPU.Build.0 = Debug|Any CPU
		{BFCB86C3-52AA-49D6-AABD-DC425B2ABEF2}.Release|Any CPU.ActiveCfg = Release|Any CPU
		{BFCB86C3-52AA-49D6-AABD-DC425B2ABEF2}.Release|Any CPU.Build.0 = Release|Any CPU
	EndGlobalSection
	GlobalSection(SolutionProperties) = preSolution
		HideSolutionNode = FALSE
	EndGlobalSection
	GlobalSection(ExtensibilityGlobals) = postSolution
		SolutionGuid = {EC2D421E-60F7-4FD9-BF4F-644AA016CA5C}
	EndGlobalSection
EndGlobal
